
Microsoft Visual Studio Solution File, Format Version 12.00
# Visual Studio Version 16
VisualStudioVersion = 16.0.30717.126
MinimumVisualStudioVersion = 10.0.40219.1
Project("{FAE04EC0-301F-11D3-BF4B-00C04F79EFBC}") = "EMarket.DataAccess", "EMarket.DataAccess\EMarket.DataAccess.csproj", "{22431D6F-3A5E-4F68-8001-336655D1667F}"
EndProject
Project("{FAE04EC0-301F-11D3-BF4B-00C04F79EFBC}") = "EMarket.Business", "EMarket.Business\EMarket.Business.csproj", "{D08A39D0-9142-4F2B-BFD4-B00810815805}"
EndProject
Project("{FAE04EC0-301F-11D3-BF4B-00C04F79EFBC}") = "EMarket.Entity", "EMarket.Entity\EMarket.Entity.csproj", "{88E9967F-143D-4F5E-BD30-32A55BAA1C5F}"
EndProject
Project("{FAE04EC0-301F-11D3-BF4B-00C04F79EFBC}") = "EMarket.WindowsFormUI", "EMarket.WindowsFormUI\EMarket.WindowsFormUI.csproj", "{328692AF-945F-43D5-A2B6-0D00CE1A887E}"
EndProject
Project("{FAE04EC0-301F-11D3-BF4B-00C04F79EFBC}") = "Core", "Core\Core.csproj", "{9B49C1B2-47EF-4232-82BD-63C1AFFB9A3F}"
EndProject
Global
	GlobalSection(SolutionConfigurationPlatforms) = preSolution
		Debug|Any CPU = Debug|Any CPU
		Release|Any CPU = Release|Any CPU
	EndGlobalSection
	GlobalSection(ProjectConfigurationPlatforms) = postSolution
		{22431D6F-3A5E-4F68-8001-336655D1667F}.Debug|Any CPU.ActiveCfg = Debug|Any CPU
		{22431D6F-3A5E-4F68-8001-336655D1667F}.Debug|Any CPU.Build.0 = Debug|Any CPU
		{22431D6F-3A5E-4F68-8001-336655D1667F}.Release|Any CPU.ActiveCfg = Release|Any CPU
		{22431D6F-3A5E-4F68-8001-336655D1667F}.Release|Any CPU.Build.0 = Release|Any CPU
		{D08A39D0-9142-4F2B-BFD4-B00810815805}.Debug|Any CPU.ActiveCfg = Debug|Any CPU
		{D08A39D0-9142-4F2B-BFD4-B00810815805}.Debug|Any CPU.Build.0 = Debug|Any CPU
		{D08A39D0-9142-4F2B-BFD4-B00810815805}.Release|Any CPU.ActiveCfg = Release|Any CPU
		{D08A39D0-9142-4F2B-BFD4-B00810815805}.Release|Any CPU.Build.0 = Release|Any CPU
		{88E9967F-143D-4F5E-BD30-32A55BAA1C5F}.Debug|Any CPU.ActiveCfg = Debug|Any CPU
		{88E9967F-143D-4F5E-BD30-32A55BAA1C5F}.Debug|Any CPU.Build.0 = Debug|Any CPU
		{88E9967F-143D-4F5E-BD30-32A55BAA1C5F}.Release|Any CPU.ActiveCfg = Release|Any CPU
		{88E9967F-143D-4F5E-BD30-32A55BAA1C5F}.Release|Any CPU.Build.0 = Release|Any CPU
		{328692AF-945F-43D5-A2B6-0D00CE1A887E}.Debug|Any CPU.ActiveCfg = Debug|Any CPU
		{328692AF-945F-43D5-A2B6-0D00CE1A887E}.Debug|Any CPU.Build.0 = Debug|Any CPU
		{328692AF-945F-43D5-A2B6-0D00CE1A887E}.Release|Any CPU.ActiveCfg = Release|Any CPU
		{328692AF-945F-43D5-A2B6-0D00CE1A887E}.Release|Any CPU.Build.0 = Release|Any CPU
		{9B49C1B2-47EF-4232-82BD-63C1AFFB9A3F}.Debug|Any CPU.ActiveCfg = Debug|Any CPU
		{9B49C1B2-47EF-4232-82BD-63C1AFFB9A3F}.Debug|Any CPU.Build.0 = Debug|Any CPU
		{9B49C1B2-47EF-4232-82BD-63C1AFFB9A3F}.Release|Any CPU.ActiveCfg = Release|Any CPU
		{9B49C1B2-47EF-4232-82BD-63C1AFFB9A3F}.Release|Any CPU.Build.0 = Release|Any CPU
	EndGlobalSection
	GlobalSection(SolutionProperties) = preSolution
		HideSolutionNode = FALSE
	EndGlobalSection
	GlobalSection(ExtensibilityGlobals) = postSolution
		SolutionGuid = {E762506A-5D01-4C4F-9B83-04E16E2C3EF5}
	EndGlobalSection
EndGlobal
